
Microsoft Visual Studio Solution File, Format Version 12.00
# Visual Studio Version 17
VisualStudioVersion = 17.8.34330.188
MinimumVisualStudioVersion = 10.0.40219.1
Project("{9A19103F-16F7-4668-BE54-9A1E7A4F7556}") = "PrimaryConstructor", "PrimaryConstructor\PrimaryConstructor.csproj", "{599740FF-7436-4714-8EEF-C56F6BBD2AAB}"
EndProject
Project("{9A19103F-16F7-4668-BE54-9A1E7A4F7556}") = "CollectionExpressions", "CollectionExpressions\CollectionExpressions.csproj", "{DFD66FC5-ACBF-4266-9DF7-519B38E82479}"
EndProject
Project("{FAE04EC0-301F-11D3-BF4B-00C04F79EFBC}") = "LambdaExpressions", "LambdaExpressions\LambdaExpressions.csproj", "{BD6746A5-1C54-489F-A65E-9B5F2330CA3E}"
EndProject
Project("{FAE04EC0-301F-11D3-BF4B-00C04F79EFBC}") = "KeyedService", "KeyedService\KeyedService.csproj", "{65A02D5F-BCA2-4ACB-87B5-B0D601C4FBA1}"
EndProject
Project("{FAE04EC0-301F-11D3-BF4B-00C04F79EFBC}") = "BackgroundService", "BackgroundService\BackgroundService.csproj", "{4CC16E85-EF2D-4C15-870F-203B8C241DAF}"
EndProject
Global
	GlobalSection(SolutionConfigurationPlatforms) = preSolution
		Debug|Any CPU = Debug|Any CPU
		Release|Any CPU = Release|Any CPU
	EndGlobalSection
	GlobalSection(ProjectConfigurationPlatforms) = postSolution
		{599740FF-7436-4714-8EEF-C56F6BBD2AAB}.Debug|Any CPU.ActiveCfg = Debug|Any CPU
		{599740FF-7436-4714-8EEF-C56F6BBD2AAB}.Debug|Any CPU.Build.0 = Debug|Any CPU
		{599740FF-7436-4714-8EEF-C56F6BBD2AAB}.Release|Any CPU.ActiveCfg = Release|Any CPU
		{599740FF-7436-4714-8EEF-C56F6BBD2AAB}.Release|Any CPU.Build.0 = Release|Any CPU
		{DFD66FC5-ACBF-4266-9DF7-519B38E82479}.Debug|Any CPU.ActiveCfg = Debug|Any CPU
		{DFD66FC5-ACBF-4266-9DF7-519B38E82479}.Debug|Any CPU.Build.0 = Debug|Any CPU
		{DFD66FC5-ACBF-4266-9DF7-519B38E82479}.Release|Any CPU.ActiveCfg = Release|Any CPU
		{DFD66FC5-ACBF-4266-9DF7-519B38E82479}.Release|Any CPU.Build.0 = Release|Any CPU
		{BD6746A5-1C54-489F-A65E-9B5F2330CA3E}.Debug|Any CPU.ActiveCfg = Debug|Any CPU
		{BD6746A5-1C54-489F-A65E-9B5F2330CA3E}.Debug|Any CPU.Build.0 = Debug|Any CPU
		{BD6746A5-1C54-489F-A65E-9B5F2330CA3E}.Release|Any CPU.ActiveCfg = Release|Any CPU
		{BD6746A5-1C54-489F-A65E-9B5F2330CA3E}.Release|Any CPU.Build.0 = Release|Any CPU
		{65A02D5F-BCA2-4ACB-87B5-B0D601C4FBA1}.Debug|Any CPU.ActiveCfg = Debug|Any CPU
		{65A02D5F-BCA2-4ACB-87B5-B0D601C4FBA1}.Debug|Any CPU.Build.0 = Debug|Any CPU
		{65A02D5F-BCA2-4ACB-87B5-B0D601C4FBA1}.Release|Any CPU.ActiveCfg = Release|Any CPU
		{65A02D5F-BCA2-4ACB-87B5-B0D601C4FBA1}.Release|Any CPU.Build.0 = Release|Any CPU
		{4CC16E85-EF2D-4C15-870F-203B8C241DAF}.Debug|Any CPU.ActiveCfg = Debug|Any CPU
		{4CC16E85-EF2D-4C15-870F-203B8C241DAF}.Debug|Any CPU.Build.0 = Debug|Any CPU
		{4CC16E85-EF2D-4C15-870F-203B8C241DAF}.Release|Any CPU.ActiveCfg = Release|Any CPU
		{4CC16E85-EF2D-4C15-870F-203B8C241DAF}.Release|Any CPU.Build.0 = Release|Any CPU
	EndGlobalSection
	GlobalSection(SolutionProperties) = preSolution
		HideSolutionNode = FALSE
	EndGlobalSection
	GlobalSection(ExtensibilityGlobals) = postSolution
		SolutionGuid = {DFDD2000-B053-4F6C-A474-3B8A494BBD74}
	EndGlobalSection
EndGlobal
